
Microsoft Visual Studio Solution File, Format Version 12.00
# Visual Studio Version 17
VisualStudioVersion = 17.5.002.0
MinimumVisualStudioVersion = 10.0.40219.1
Project("{9A19103F-16F7-4668-BE54-9A1E7A4F7556}") = "ExemploPOO", "ExemploPOO.csproj", "{06DAD4DC-1BF8-4515-84EE-F47EAD1C34BF}"
EndProject
Global
	GlobalSection(SolutionConfigurationPlatforms) = preSolution
		Debug|Any CPU = Debug|Any CPU
		Release|Any CPU = Release|Any CPU
	EndGlobalSection
	GlobalSection(ProjectConfigurationPlatforms) = postSolution
		{06DAD4DC-1BF8-4515-84EE-F47EAD1C34BF}.Debug|Any CPU.ActiveCfg = Debug|Any CPU
		{06DAD4DC-1BF8-4515-84EE-F47EAD1C34BF}.Debug|Any CPU.Build.0 = Debug|Any CPU
		{06DAD4DC-1BF8-4515-84EE-F47EAD1C34BF}.Release|Any CPU.ActiveCfg = Release|Any CPU
		{06DAD4DC-1BF8-4515-84EE-F47EAD1C34BF}.Release|Any CPU.Build.0 = Release|Any CPU
	EndGlobalSection
	GlobalSection(SolutionProperties) = preSolution
		HideSolutionNode = FALSE
	EndGlobalSection
	GlobalSection(ExtensibilityGlobals) = postSolution
		SolutionGuid = {FA2C7063-DB6F-4102-BE06-F6F7CFA5555A}
	EndGlobalSection
EndGlobal
